
Microsoft Visual Studio Solution File, Format Version 12.00
# Visual Studio 14
VisualStudioVersion = 14.0.25420.1
MinimumVisualStudioVersion = 10.0.40219.1
Project("{8BC9CEB8-8B4A-11D0-8D11-00A0C91BC942}") = "alg", "alg\alg.vcxproj", "{0ACE8C4C-A598-4986-800D-EFC582075A59}"
EndProject
Project("{2150E333-8FDC-42A3-9474-1A3956D46DE8}") = "Solution Items", "Solution Items", "{D0FDD884-4B42-41EA-AE42-F2676203689F}"
EndProject
Project("{8BC9CEB8-8B4A-11D0-8D11-00A0C91BC942}") = "PlagiarismDetection", "PlagiarismDetection\PlagiarismDetection.vcxproj", "{2598DE92-0F5F-4A2D-9BC7-A43FF7B8303F}"
EndProject
Project("{FAE04EC0-301F-11D3-BF4B-00C04F79EFBC}") = "PlagiarismUI", "UI\PlagiarismUICaliburn\PlagiarismUI\PlagiarismUI.csproj", "{57778FDC-F44F-4752-8453-275C9E69F590}"
EndProject
Global
	GlobalSection(SolutionConfigurationPlatforms) = preSolution
		Debug|Any CPU = Debug|Any CPU
		Debug|x64 = Debug|x64
		Debug|x86 = Debug|x86
		Release|Any CPU = Release|Any CPU
		Release|x64 = Release|x64
		Release|x86 = Release|x86
	EndGlobalSection
	GlobalSection(ProjectConfigurationPlatforms) = postSolution
		{0ACE8C4C-A598-4986-800D-EFC582075A59}.Debug|Any CPU.ActiveCfg = Debug|Win32
		{0ACE8C4C-A598-4986-800D-EFC582075A59}.Debug|x64.ActiveCfg = Debug|x64
		{0ACE8C4C-A598-4986-800D-EFC582075A59}.Debug|x64.Build.0 = Debug|x64
		{0ACE8C4C-A598-4986-800D-EFC582075A59}.Debug|x86.ActiveCfg = Debug|Win32
		{0ACE8C4C-A598-4986-800D-EFC582075A59}.Debug|x86.Build.0 = Debug|Win32
		{0ACE8C4C-A598-4986-800D-EFC582075A59}.Release|Any CPU.ActiveCfg = Release|Win32
		{0ACE8C4C-A598-4986-800D-EFC582075A59}.Release|x64.ActiveCfg = Release|x64
		{0ACE8C4C-A598-4986-800D-EFC582075A59}.Release|x64.Build.0 = Release|x64
		{0ACE8C4C-A598-4986-800D-EFC582075A59}.Release|x86.ActiveCfg = Release|Win32
		{0ACE8C4C-A598-4986-800D-EFC582075A59}.Release|x86.Build.0 = Release|Win32
		{2598DE92-0F5F-4A2D-9BC7-A43FF7B8303F}.Debug|Any CPU.ActiveCfg = Debug|Win32
		{2598DE92-0F5F-4A2D-9BC7-A43FF7B8303F}.Debug|x64.ActiveCfg = Debug|x64
		{2598DE92-0F5F-4A2D-9BC7-A43FF7B8303F}.Debug|x64.Build.0 = Debug|x64
		{2598DE92-0F5F-4A2D-9BC7-A43FF7B8303F}.Debug|x86.ActiveCfg = Debug|Win32
		{2598DE92-0F5F-4A2D-9BC7-A43FF7B8303F}.Debug|x86.Build.0 = Debug|Win32
		{2598DE92-0F5F-4A2D-9BC7-A43FF7B8303F}.Release|Any CPU.ActiveCfg = Release|Win32
		{2598DE92-0F5F-4A2D-9BC7-A43FF7B8303F}.Release|x64.ActiveCfg = Release|x64
		{2598DE92-0F5F-4A2D-9BC7-A43FF7B8303F}.Release|x64.Build.0 = Release|x64
		{2598DE92-0F5F-4A2D-9BC7-A43FF7B8303F}.Release|x86.ActiveCfg = Release|Win32
		{2598DE92-0F5F-4A2D-9BC7-A43FF7B8303F}.Release|x86.Build.0 = Release|Win32
		{57778FDC-F44F-4752-8453-275C9E69F590}.Debug|Any CPU.ActiveCfg = Debug|Any CPU
		{57778FDC-F44F-4752-8453-275C9E69F590}.Debug|Any CPU.Build.0 = Debug|Any CPU
		{57778FDC-F44F-4752-8453-275C9E69F590}.Debug|x64.ActiveCfg = Debug|Any CPU
		{57778FDC-F44F-4752-8453-275C9E69F590}.Debug|x64.Build.0 = Debug|Any CPU
		{57778FDC-F44F-4752-8453-275C9E69F590}.Debug|x86.ActiveCfg = Debug|Any CPU
		{57778FDC-F44F-4752-8453-275C9E69F590}.Debug|x86.Build.0 = Debug|Any CPU
		{57778FDC-F44F-4752-8453-275C9E69F590}.Release|Any CPU.ActiveCfg = Release|Any CPU
		{57778FDC-F44F-4752-8453-275C9E69F590}.Release|Any CPU.Build.0 = Release|Any CPU
		{57778FDC-F44F-4752-8453-275C9E69F590}.Release|x64.ActiveCfg = Release|Any CPU
		{57778FDC-F44F-4752-8453-275C9E69F590}.Release|x64.Build.0 = Release|Any CPU
		{57778FDC-F44F-4752-8453-275C9E69F590}.Release|x86.ActiveCfg = Release|Any CPU
		{57778FDC-F44F-4752-8453-275C9E69F590}.Release|x86.Build.0 = Release|Any CPU
	EndGlobalSection
	GlobalSection(SolutionProperties) = preSolution
		HideSolutionNode = FALSE
	EndGlobalSection
EndGlobal
